
Microsoft Visual Studio Solution File, Format Version 12.00
# Visual Studio 15
VisualStudioVersion = 15.0.28307.489
MinimumVisualStudioVersion = 10.0.40219.1
Project("{FAE04EC0-301F-11D3-BF4B-00C04F79EFBC}") = "UPDLearning", "UPDLearning\UPDLearning.csproj", "{CEAC6B31-C9C9-4FB8-A71D-748D56157F76}"
EndProject
Global
	GlobalSection(SolutionConfigurationPlatforms) = preSolution
		Debug|Any CPU = Debug|Any CPU
		Release|Any CPU = Release|Any CPU
	EndGlobalSection
	GlobalSection(ProjectConfigurationPlatforms) = postSolution
		{CEAC6B31-C9C9-4FB8-A71D-748D56157F76}.Debug|Any CPU.ActiveCfg = Debug|Any CPU
		{CEAC6B31-C9C9-4FB8-A71D-748D56157F76}.Debug|Any CPU.Build.0 = Debug|Any CPU
		{CEAC6B31-C9C9-4FB8-A71D-748D56157F76}.Release|Any CPU.ActiveCfg = Release|Any CPU
		{CEAC6B31-C9C9-4FB8-A71D-748D56157F76}.Release|Any CPU.Build.0 = Release|Any CPU
	EndGlobalSection
	GlobalSection(SolutionProperties) = preSolution
		HideSolutionNode = FALSE
	EndGlobalSection
	GlobalSection(ExtensibilityGlobals) = postSolution
		SolutionGuid = {AF816B3F-11C2-4717-B404-E6EA1C9DE889}
	EndGlobalSection
EndGlobal
